
Microsoft Visual Studio Solution File, Format Version 12.00
# Visual Studio 14
VisualStudioVersion = 14.0.25123.0
MinimumVisualStudioVersion = 10.0.40219.1
Project("{FAE04EC0-301F-11D3-BF4B-00C04F79EFBC}") = "LeadAlerts.Web", "LeadAlerts.Web\LeadAlerts.Web.csproj", "{53A6DD1E-2B41-471D-8DA9-80C0F6D765FF}"
EndProject
Project("{FAE04EC0-301F-11D3-BF4B-00C04F79EFBC}") = "LeadAlerts.Web.Tests", "LeadAlerts.Web.Tests\LeadAlerts.Web.Tests.csproj", "{38916CDB-1C4C-4546-95A7-88EFE1AB77B6}"
EndProject
Global
	GlobalSection(SolutionConfigurationPlatforms) = preSolution
		Debug|Any CPU = Debug|Any CPU
		Release|Any CPU = Release|Any CPU
	EndGlobalSection
	GlobalSection(ProjectConfigurationPlatforms) = postSolution
		{53A6DD1E-2B41-471D-8DA9-80C0F6D765FF}.Debug|Any CPU.ActiveCfg = Debug|Any CPU
		{53A6DD1E-2B41-471D-8DA9-80C0F6D765FF}.Debug|Any CPU.Build.0 = Debug|Any CPU
		{53A6DD1E-2B41-471D-8DA9-80C0F6D765FF}.Release|Any CPU.ActiveCfg = Release|Any CPU
		{53A6DD1E-2B41-471D-8DA9-80C0F6D765FF}.Release|Any CPU.Build.0 = Release|Any CPU
		{38916CDB-1C4C-4546-95A7-88EFE1AB77B6}.Debug|Any CPU.ActiveCfg = Debug|Any CPU
		{38916CDB-1C4C-4546-95A7-88EFE1AB77B6}.Debug|Any CPU.Build.0 = Debug|Any CPU
		{38916CDB-1C4C-4546-95A7-88EFE1AB77B6}.Release|Any CPU.ActiveCfg = Release|Any CPU
		{38916CDB-1C4C-4546-95A7-88EFE1AB77B6}.Release|Any CPU.Build.0 = Release|Any CPU
	EndGlobalSection
	GlobalSection(SolutionProperties) = preSolution
		HideSolutionNode = FALSE
	EndGlobalSection
EndGlobal
